
Microsoft Visual Studio Solution File, Format Version 12.00
# Visual Studio 15
VisualStudioVersion = 15.0.26206.0
MinimumVisualStudioVersion = 10.0.40219.1
Project("{2150E333-8FDC-42A3-9474-1A3956D46DE8}") = "src", "src", "{07B69720-D1C2-4E61-B5EC-1CE3692D0042}"
EndProject
Project("{9A19103F-16F7-4668-BE54-9A1E7A4F7556}") = "BodyReport", "src\BodyReport\BodyReport.csproj", "{243C354C-34F9-4F0C-9FB0-6AAAD8F56CB9}"
EndProject
Project("{FAE04EC0-301F-11D3-BF4B-00C04F79EFBC}") = "BodyReport.Message", "src\BodyReport.Message\BodyReport.Message.csproj", "{F56411BD-39E3-4492-8DEE-623AFFDA35C2}"
EndProject
Project("{FAE04EC0-301F-11D3-BF4B-00C04F79EFBC}") = "BodyReport.Framework", "src\BodyReport.Framework\BodyReport.Framework.csproj", "{B96ABB85-4A9B-42AB-86CA-C8B691F7D66C}"
EndProject
Global
	GlobalSection(SolutionConfigurationPlatforms) = preSolution
		Debug|Any CPU = Debug|Any CPU
		Release|Any CPU = Release|Any CPU
	EndGlobalSection
	GlobalSection(ProjectConfigurationPlatforms) = postSolution
		{243C354C-34F9-4F0C-9FB0-6AAAD8F56CB9}.Debug|Any CPU.ActiveCfg = Debug|Any CPU
		{243C354C-34F9-4F0C-9FB0-6AAAD8F56CB9}.Debug|Any CPU.Build.0 = Debug|Any CPU
		{243C354C-34F9-4F0C-9FB0-6AAAD8F56CB9}.Release|Any CPU.ActiveCfg = Debug|Any CPU
		{243C354C-34F9-4F0C-9FB0-6AAAD8F56CB9}.Release|Any CPU.Build.0 = Debug|Any CPU
		{F56411BD-39E3-4492-8DEE-623AFFDA35C2}.Debug|Any CPU.ActiveCfg = Debug|Any CPU
		{F56411BD-39E3-4492-8DEE-623AFFDA35C2}.Debug|Any CPU.Build.0 = Debug|Any CPU
		{F56411BD-39E3-4492-8DEE-623AFFDA35C2}.Release|Any CPU.ActiveCfg = Release|Any CPU
		{F56411BD-39E3-4492-8DEE-623AFFDA35C2}.Release|Any CPU.Build.0 = Release|Any CPU
		{B96ABB85-4A9B-42AB-86CA-C8B691F7D66C}.Debug|Any CPU.ActiveCfg = Debug|Any CPU
		{B96ABB85-4A9B-42AB-86CA-C8B691F7D66C}.Debug|Any CPU.Build.0 = Debug|Any CPU
		{B96ABB85-4A9B-42AB-86CA-C8B691F7D66C}.Release|Any CPU.ActiveCfg = Release|Any CPU
		{B96ABB85-4A9B-42AB-86CA-C8B691F7D66C}.Release|Any CPU.Build.0 = Release|Any CPU
	EndGlobalSection
	GlobalSection(SolutionProperties) = preSolution
		HideSolutionNode = FALSE
	EndGlobalSection
	GlobalSection(NestedProjects) = preSolution
		{243C354C-34F9-4F0C-9FB0-6AAAD8F56CB9} = {07B69720-D1C2-4E61-B5EC-1CE3692D0042}
		{F56411BD-39E3-4492-8DEE-623AFFDA35C2} = {07B69720-D1C2-4E61-B5EC-1CE3692D0042}
		{B96ABB85-4A9B-42AB-86CA-C8B691F7D66C} = {07B69720-D1C2-4E61-B5EC-1CE3692D0042}
	EndGlobalSection
EndGlobal
